Microsoft Visual Studio Solution File, Format Version 11.00
# Visual Studio 2008

Project("{DA6816C1-29D2-D8CD-6A6C-01FAB5CA0309}") = "DeepRoots_AlphaV2", "Assembly-CSharp-firstpass.csproj", "{BB69E18D-4677-C299-BEC3-5662531F3AA9}"
EndProject
Project("{DA6816C1-29D2-D8CD-6A6C-01FAB5CA0309}") = "DeepRoots_AlphaV2", "Assembly-CSharp.csproj", "{5FB35BCA-E7F1-3D9B-42B5-E842C8CCFD56}"
EndProject
Project("{DA6816C1-29D2-D8CD-6A6C-01FAB5CA0309}") = "DeepRoots_AlphaV2", "Assembly-CSharp-Editor.csproj", "{56AEC471-E1E5-537E-7822-2E2155A75ECE}"
EndProject
Global
	GlobalSection(SolutionConfigurationPlatforms) = preSolution
		Debug|Any CPU = Debug|Any CPU
		Release|Any CPU = Release|Any CPU
	EndGlobalSection
	GlobalSection(ProjectConfigurationPlatforms) = postSolution
		{BB69E18D-4677-C299-BEC3-5662531F3AA9}.Debug|Any CPU.ActiveCfg = Debug|Any CPU
		{BB69E18D-4677-C299-BEC3-5662531F3AA9}.Debug|Any CPU.Build.0 = Debug|Any CPU
		{BB69E18D-4677-C299-BEC3-5662531F3AA9}.Release|Any CPU.ActiveCfg = Release|Any CPU
		{BB69E18D-4677-C299-BEC3-5662531F3AA9}.Release|Any CPU.Build.0 = Release|Any CPU
		{5FB35BCA-E7F1-3D9B-42B5-E842C8CCFD56}.Debug|Any CPU.ActiveCfg = Debug|Any CPU
		{5FB35BCA-E7F1-3D9B-42B5-E842C8CCFD56}.Debug|Any CPU.Build.0 = Debug|Any CPU
		{5FB35BCA-E7F1-3D9B-42B5-E842C8CCFD56}.Release|Any CPU.ActiveCfg = Release|Any CPU
		{5FB35BCA-E7F1-3D9B-42B5-E842C8CCFD56}.Release|Any CPU.Build.0 = Release|Any CPU
		{56AEC471-E1E5-537E-7822-2E2155A75ECE}.Debug|Any CPU.ActiveCfg = Debug|Any CPU
		{56AEC471-E1E5-537E-7822-2E2155A75ECE}.Debug|Any CPU.Build.0 = Debug|Any CPU
		{56AEC471-E1E5-537E-7822-2E2155A75ECE}.Release|Any CPU.ActiveCfg = Release|Any CPU
		{56AEC471-E1E5-537E-7822-2E2155A75ECE}.Release|Any CPU.Build.0 = Release|Any CPU
	EndGlobalSection
	GlobalSection(SolutionProperties) = preSolution
		HideSolutionNode = FALSE
	EndGlobalSection
	GlobalSection(MonoDevelopProperties) = preSolution
		StartupItem = Assembly-CSharp.csproj
	EndGlobalSection
EndGlobal
